
Microsoft Visual Studio Solution File, Format Version 12.00
# Visual Studio Version 17
VisualStudioVersion = 17.11.35327.3
MinimumVisualStudioVersion = 10.0.40219.1
Project("{FAE04EC0-301F-11D3-BF4B-00C04F79EFBC}") = "IterationUndRekursion", "IterationUndRekursion\IterationUndRekursion.csproj", "{BF40C008-6650-41C1-88DF-7873C52D83F5}"
EndProject
Global
	GlobalSection(SolutionConfigurationPlatforms) = preSolution
		Debug|Any CPU = Debug|Any CPU
		Release|Any CPU = Release|Any CPU
	EndGlobalSection
	GlobalSection(ProjectConfigurationPlatforms) = postSolution
		{BF40C008-6650-41C1-88DF-7873C52D83F5}.Debug|Any CPU.ActiveCfg = Debug|Any CPU
		{BF40C008-6650-41C1-88DF-7873C52D83F5}.Debug|Any CPU.Build.0 = Debug|Any CPU
		{BF40C008-6650-41C1-88DF-7873C52D83F5}.Release|Any CPU.ActiveCfg = Release|Any CPU
		{BF40C008-6650-41C1-88DF-7873C52D83F5}.Release|Any CPU.Build.0 = Release|Any CPU
	EndGlobalSection
	GlobalSection(SolutionProperties) = preSolution
		HideSolutionNode = FALSE
	EndGlobalSection
	GlobalSection(ExtensibilityGlobals) = postSolution
		SolutionGuid = {E8C22740-58E3-41B6-8436-0980A9C63C8F}
	EndGlobalSection
EndGlobal
